
Microsoft Visual Studio Solution File, Format Version 12.00
# Visual Studio Version 16
VisualStudioVersion = 16.0.30804.86
MinimumVisualStudioVersion = 10.0.40219.1
Project("{FAE04EC0-301F-11D3-BF4B-00C04F79EFBC}") = "counter-service", "counter-service.csproj", "{717D9473-CCE0-4AFF-8A1C-7B6C92F15248}"
EndProject
Global
	GlobalSection(SolutionConfigurationPlatforms) = preSolution
		Debug|Any CPU = Debug|Any CPU
		Release|Any CPU = Release|Any CPU
	EndGlobalSection
	GlobalSection(ProjectConfigurationPlatforms) = postSolution
		{717D9473-CCE0-4AFF-8A1C-7B6C92F15248}.Debug|Any CPU.ActiveCfg = Debug|Any CPU
		{717D9473-CCE0-4AFF-8A1C-7B6C92F15248}.Debug|Any CPU.Build.0 = Debug|Any CPU
		{717D9473-CCE0-4AFF-8A1C-7B6C92F15248}.Release|Any CPU.ActiveCfg = Release|Any CPU
		{717D9473-CCE0-4AFF-8A1C-7B6C92F15248}.Release|Any CPU.Build.0 = Release|Any CPU
	EndGlobalSection
	GlobalSection(SolutionProperties) = preSolution
		HideSolutionNode = FALSE
	EndGlobalSection
	GlobalSection(ExtensibilityGlobals) = postSolution
		SolutionGuid = {D461B18A-840D-438E-BC8E-375F78B4FA92}
	EndGlobalSection
EndGlobal
